// !$*UTF8*$!
{
	archiveVersion = 1;
	classes = {
	};
	objectVersion = 56;
	objects = {

/* Begin PBXBuildFile section */
		11B9A32F2AE83B7400C6CAB5 /* CryptoVisualiserApp.swift in Sources */ = {isa = PBXBuildFile; fileRef = 11B9A32E2AE83B7400C6CAB5 /* CryptoVisualiserApp.swift */; };
		11B9A3312AE83B7400C6CAB5 /* ContentView.swift in Sources */ = {isa = PBXBuildFile; fileRef = 11B9A3302AE83B7400C6CAB5 /* ContentView.swift */; };
		11B9A3332AE83B7500C6CAB5 /* Assets.xcassets in Resources */ = {isa = PBXBuildFile; fileRef = 11B9A3322AE83B7500C6CAB5 /* Assets.xcassets */; };
		11B9A3362AE83B7500C6CAB5 /* Preview Assets.xcassets in Resources */ = {isa = PBXBuildFile; fileRef = 11B9A3352AE83B7500C6CAB5 /* Preview Assets.xcassets */; };
		11B9A33E2AE83E9900C6CAB5 /* Color.swift in Sources */ = {isa = PBXBuildFile; fileRef = 11B9A33D2AE83E9900C6CAB5 /* Color.swift */; };
		11B9A3442AE98A6800C6CAB5 /* HomeView.swift in Sources */ = {isa = PBXBuildFile; fileRef = 11B9A3432AE98A6800C6CAB5 /* HomeView.swift */; };
		11B9A3482AE98C2A00C6CAB5 /* CircleButtonView.swift in Sources */ = {isa = PBXBuildFile; fileRef = 11B9A3472AE98C2A00C6CAB5 /* CircleButtonView.swift */; };
		11B9A34A2AEA9B1600C6CAB5 /* CircleButtonAnimationView.swift in Sources */ = {isa = PBXBuildFile; fileRef = 11B9A3492AEA9B1600C6CAB5 /* CircleButtonAnimationView.swift */; };
		11B9A34D2AEAE85F00C6CAB5 /* CoinModel.swift in Sources */ = {isa = PBXBuildFile; fileRef = 11B9A34C2AEAE85F00C6CAB5 /* CoinModel.swift */; };
		11B9A34F2AEBC0D700C6CAB5 /* CoinRowView.swift in Sources */ = {isa = PBXBuildFile; fileRef = 11B9A34E2AEBC0D700C6CAB5 /* CoinRowView.swift */; };
		11B9A3542AEBC36E00C6CAB5 /* sample_response.json in Resources */ = {isa = PBXBuildFile; fileRef = 11B9A3532AEBC36E00C6CAB5 /* sample_response.json */; };
		11B9A3582AEBCCF200C6CAB5 /* Double.swift in Sources */ = {isa = PBXBuildFile; fileRef = 11B9A3572AEBCCF200C6CAB5 /* Double.swift */; };
		11B9A35A2AEBD75C00C6CAB5 /* HomeViewModel.swift in Sources */ = {isa = PBXBuildFile; fileRef = 11B9A3592AEBD75C00C6CAB5 /* HomeViewModel.swift */; };
		11EC712F2AECF2F30050A8DA /* CoinDataService.swift in Sources */ = {isa = PBXBuildFile; fileRef = 11EC712E2AECF2F30050A8DA /* CoinDataService.swift */; };
/* End PBXBuildFile section */

/* Begin PBXFileReference section */
		11B9A32B2AE83B7400C6CAB5 /* CryptoVisualiser.app */ = {isa = PBXFileReference; explicitFileType = wrapper.application; includeInIndex = 0; path = CryptoVisualiser.app; sourceTree = BUILT_PRODUCTS_DIR; };
		11B9A32E2AE83B7400C6CAB5 /* CryptoVisualiserApp.swift */ = {isa = PBXFileReference; lastKnownFileType = sourcecode.swift; path = CryptoVisualiserApp.swift; sourceTree = "<group>"; };
		11B9A3302AE83B7400C6CAB5 /* ContentView.swift */ = {isa = PBXFileReference; lastKnownFileType = sourcecode.swift; path = ContentView.swift; sourceTree = "<group>"; };
		11B9A3322AE83B7500C6CAB5 /* Assets.xcassets */ = {isa = PBXFileReference; lastKnownFileType = folder.assetcatalog; path = Assets.xcassets; sourceTree = "<group>"; };
		11B9A3352AE83B7500C6CAB5 /* Preview Assets.xcassets */ = {isa = PBXFileReference; lastKnownFileType = folder.assetcatalog; path = "Preview Assets.xcassets"; sourceTree = "<group>"; };
		11B9A33D2AE83E9900C6CAB5 /* Color.swift */ = {isa = PBXFileReference; lastKnownFileType = sourcecode.swift; path = Color.swift; sourceTree = "<group>"; };
		11B9A3432AE98A6800C6CAB5 /* HomeView.swift */ = {isa = PBXFileReference; lastKnownFileType = sourcecode.swift; path = HomeView.swift; sourceTree = "<group>"; };
		11B9A3472AE98C2A00C6CAB5 /* CircleButtonView.swift */ = {isa = PBXFileReference; lastKnownFileType = sourcecode.swift; path = CircleButtonView.swift; sourceTree = "<group>"; };
		11B9A3492AEA9B1600C6CAB5 /* CircleButtonAnimationView.swift */ = {isa = PBXFileReference; lastKnownFileType = sourcecode.swift; path = CircleButtonAnimationView.swift; sourceTree = "<group>"; };
		11B9A34C2AEAE85F00C6CAB5 /* CoinModel.swift */ = {isa = PBXFileReference; lastKnownFileType = sourcecode.swift; path = CoinModel.swift; sourceTree = "<group>"; };
		11B9A34E2AEBC0D700C6CAB5 /* CoinRowView.swift */ = {isa = PBXFileReference; lastKnownFileType = sourcecode.swift; path = CoinRowView.swift; sourceTree = "<group>"; };
		11B9A3532AEBC36E00C6CAB5 /* sample_response.json */ = {isa = PBXFileReference; fileEncoding = 4; lastKnownFileType = text.json; path = sample_response.json; sourceTree = "<group>"; };
		11B9A3572AEBCCF200C6CAB5 /* Double.swift */ = {isa = PBXFileReference; lastKnownFileType = sourcecode.swift; path = Double.swift; sourceTree = "<group>"; };
		11B9A3592AEBD75C00C6CAB5 /* HomeViewModel.swift */ = {isa = PBXFileReference; lastKnownFileType = sourcecode.swift; path = HomeViewModel.swift; sourceTree = "<group>"; };
		11EC712E2AECF2F30050A8DA /* CoinDataService.swift */ = {isa = PBXFileReference; lastKnownFileType = sourcecode.swift; path = CoinDataService.swift; sourceTree = "<group>"; };
/* End PBXFileReference section */

/* Begin PBXFrameworksBuildPhase section */
		11B9A3282AE83B7400C6CAB5 /* Frameworks */ = {
			isa = PBXFrameworksBuildPhase;
			buildActionMask = 2147483647;
			files = (
			);
			runOnlyForDeploymentPostprocessing = 0;
		};
/* End PBXFrameworksBuildPhase section */

/* Begin PBXGroup section */
		11B9A3222AE83B7400C6CAB5 = {
			isa = PBXGroup;
			children = (
				11B9A32D2AE83B7400C6CAB5 /* CryptoVisualiser */,
				11B9A32C2AE83B7400C6CAB5 /* Products */,
			);
			sourceTree = "<group>";
		};
		11B9A32C2AE83B7400C6CAB5 /* Products */ = {
			isa = PBXGroup;
			children = (
				11B9A32B2AE83B7400C6CAB5 /* CryptoVisualiser.app */,
			);
			name = Products;
			sourceTree = "<group>";
		};
		11B9A32D2AE83B7400C6CAB5 /* CryptoVisualiser */ = {
			isa = PBXGroup;
			children = (
				11B9A32E2AE83B7400C6CAB5 /* CryptoVisualiserApp.swift */,
				11B9A33C2AE83E8400C6CAB5 /* Extensions */,
				11EC712D2AECF2BE0050A8DA /* Services */,
				11B9A34B2AEAE83500C6CAB5 /* Models */,
				11B9A33F2AE98A1000C6CAB5 /* Core */,
				11B9A3302AE83B7400C6CAB5 /* ContentView.swift */,
				11B9A3522AEBC33C00C6CAB5 /* Resources */,
				11B9A3322AE83B7500C6CAB5 /* Assets.xcassets */,
				11B9A3342AE83B7500C6CAB5 /* Preview Content */,
			);
			path = CryptoVisualiser;
			sourceTree = "<group>";
		};
		11B9A3342AE83B7500C6CAB5 /* Preview Content */ = {
			isa = PBXGroup;
			children = (
				11B9A3352AE83B7500C6CAB5 /* Preview Assets.xcassets */,
			);
			path = "Preview Content";
			sourceTree = "<group>";
		};
		11B9A33C2AE83E8400C6CAB5 /* Extensions */ = {
			isa = PBXGroup;
			children = (
				11B9A33D2AE83E9900C6CAB5 /* Color.swift */,
				11B9A3572AEBCCF200C6CAB5 /* Double.swift */,
			);
			path = Extensions;
			sourceTree = "<group>";
		};
		11B9A33F2AE98A1000C6CAB5 /* Core */ = {
			isa = PBXGroup;
			children = (
				11B9A3452AE98BF500C6CAB5 /* Components */,
				11B9A3402AE98A2E00C6CAB5 /* Home */,
			);
			path = Core;
			sourceTree = "<group>";
		};
		11B9A3402AE98A2E00C6CAB5 /* Home */ = {
			isa = PBXGroup;
			children = (
				11B9A3422AE98A5000C6CAB5 /* ViewModels */,
				11B9A3412AE98A4800C6CAB5 /* Views */,
			);
			path = Home;
			sourceTree = "<group>";
		};
		11B9A3412AE98A4800C6CAB5 /* Views */ = {
			isa = PBXGroup;
			children = (
				11B9A3432AE98A6800C6CAB5 /* HomeView.swift */,
				11B9A34E2AEBC0D700C6CAB5 /* CoinRowView.swift */,
			);
			path = Views;
			sourceTree = "<group>";
		};
		11B9A3422AE98A5000C6CAB5 /* ViewModels */ = {
			isa = PBXGroup;
			children = (
				11B9A3592AEBD75C00C6CAB5 /* HomeViewModel.swift */,
			);
			path = ViewModels;
			sourceTree = "<group>";
		};
		11B9A3452AE98BF500C6CAB5 /* Components */ = {
			isa = PBXGroup;
			children = (
				11B9A3462AE98C1700C6CAB5 /* CircleButton */,
			);
			path = Components;
			sourceTree = "<group>";
		};
		11B9A3462AE98C1700C6CAB5 /* CircleButton */ = {
			isa = PBXGroup;
			children = (
				11B9A3472AE98C2A00C6CAB5 /* CircleButtonView.swift */,
				11B9A3492AEA9B1600C6CAB5 /* CircleButtonAnimationView.swift */,
			);
			path = CircleButton;
			sourceTree = "<group>";
		};
		11B9A34B2AEAE83500C6CAB5 /* Models */ = {
			isa = PBXGroup;
			children = (
				11B9A34C2AEAE85F00C6CAB5 /* CoinModel.swift */,
			);
			path = Models;
			sourceTree = "<group>";
		};
		11B9A3522AEBC33C00C6CAB5 /* Resources */ = {
			isa = PBXGroup;
			children = (
				11B9A3532AEBC36E00C6CAB5 /* sample_response.json */,
			);
			path = Resources;
			sourceTree = "<group>";
		};
		11EC712D2AECF2BE0050A8DA /* Services */ = {
			isa = PBXGroup;
			children = (
				11EC712E2AECF2F30050A8DA /* CoinDataService.swift */,
			);
			path = Services;
			sourceTree = "<group>";
		};
/* End PBXGroup section */

/* Begin PBXNativeTarget section */
		11B9A32A2AE83B7400C6CAB5 /* CryptoVisualiser */ = {
			isa = PBXNativeTarget;
			buildConfigurationList = 11B9A3392AE83B7500C6CAB5 /* Build configuration list for PBXNativeTarget "CryptoVisualiser" */;
			buildPhases = (
				11B9A3272AE83B7400C6CAB5 /* Sources */,
				11B9A3282AE83B7400C6CAB5 /* Frameworks */,
				11B9A3292AE83B7400C6CAB5 /* Resources */,
			);
			buildRules = (
			);
			dependencies = (
			);
			name = CryptoVisualiser;
			productName = CryptoVisualiser;
			productReference = 11B9A32B2AE83B7400C6CAB5 /* CryptoVisualiser.app */;
			productType = "com.apple.product-type.application";
		};
/* End PBXNativeTarget section */

/* Begin PBXProject section */
		11B9A3232AE83B7400C6CAB5 /* Project object */ = {
			isa = PBXProject;
			attributes = {
				BuildIndependentTargetsInParallel = 1;
				LastSwiftUpdateCheck = 1500;
				LastUpgradeCheck = 1500;
				TargetAttributes = {
					11B9A32A2AE83B7400C6CAB5 = {
						CreatedOnToolsVersion = 15.0.1;
					};
				};
			};
			buildConfigurationList = 11B9A3262AE83B7400C6CAB5 /* Build configuration list for PBXProject "CryptoVisualiser" */;
			compatibilityVersion = "Xcode 14.0";
			developmentRegion = en;
			hasScannedForEncodings = 0;
			knownRegions = (
				en,
				Base,
			);
			mainGroup = 11B9A3222AE83B7400C6CAB5;
			productRefGroup = 11B9A32C2AE83B7400C6CAB5 /* Products */;
			projectDirPath = "";
			projectRoot = "";
			targets = (
				11B9A32A2AE83B7400C6CAB5 /* CryptoVisualiser */,
			);
		};
/* End PBXProject section */

/* Begin PBXResourcesBuildPhase section */
		11B9A3292AE83B7400C6CAB5 /* Resources */ = {
			isa = PBXResourcesBuildPhase;
			buildActionMask = 2147483647;
			files = (
				11B9A3542AEBC36E00C6CAB5 /* sample_response.json in Resources */,
				11B9A3362AE83B7500C6CAB5 /* Preview Assets.xcassets in Resources */,
				11B9A3332AE83B7500C6CAB5 /* Assets.xcassets in Resources */,
			);
			runOnlyForDeploymentPostprocessing = 0;
		};
/* End PBXResourcesBuildPhase section */

/* Begin PBXSourcesBuildPhase section */
		11B9A3272AE83B7400C6CAB5 /* Sources */ = {
			isa = PBXSourcesBuildPhase;
			buildActionMask = 2147483647;
			files = (
				11B9A34F2AEBC0D700C6CAB5 /* CoinRowView.swift in Sources */,
				11B9A33E2AE83E9900C6CAB5 /* Color.swift in Sources */,
				11B9A3442AE98A6800C6CAB5 /* HomeView.swift in Sources */,
				11B9A35A2AEBD75C00C6CAB5 /* HomeViewModel.swift in Sources */,
				11B9A3312AE83B7400C6CAB5 /* ContentView.swift in Sources */,
				11B9A3482AE98C2A00C6CAB5 /* CircleButtonView.swift in Sources */,
				11B9A32F2AE83B7400C6CAB5 /* CryptoVisualiserApp.swift in Sources */,
				11B9A34A2AEA9B1600C6CAB5 /* CircleButtonAnimationView.swift in Sources */,
				11B9A3582AEBCCF200C6CAB5 /* Double.swift in Sources */,
				11B9A34D2AEAE85F00C6CAB5 /* CoinModel.swift in Sources */,
				11EC712F2AECF2F30050A8DA /* CoinDataService.swift in Sources */,
			);
			runOnlyForDeploymentPostprocessing = 0;
		};
/* End PBXSourcesBuildPhase section */

/* Begin XCBuildConfiguration section */
		11B9A3372AE83B7500C6CAB5 /* Debug */ = {
			isa = XCBuildConfiguration;
			buildSettings = {
				ALWAYS_SEARCH_USER_PATHS = NO;
				ASSETCATALOG_COMPILER_GENERATE_SWIFT_ASSET_SYMBOL_EXTENSIONS = YES;
				CLANG_ANALYZER_NONNULL = YES;
				CLANG_ANALYZER_NUMBER_OBJECT_CONVERSION = YES_AGGRESSIVE;
				CLANG_CXX_LANGUAGE_STANDARD = "gnu++20";
				CLANG_ENABLE_MODULES = YES;
				CLANG_ENABLE_OBJC_ARC = YES;
				CLANG_ENABLE_OBJC_WEAK = YES;
				CLANG_WARN_BLOCK_CAPTURE_AUTORELEASING = YES;
				CLANG_WARN_BOOL_CONVERSION = YES;
				CLANG_WARN_COMMA = YES;
				CLANG_WARN_CONSTANT_CONVERSION = YES;
				CLANG_WARN_DEPRECATED_OBJC_IMPLEMENTATIONS = YES;
				CLANG_WARN_DIRECT_OBJC_ISA_USAGE = YES_ERROR;
				CLANG_WARN_DOCUMENTATION_COMMENTS = YES;
				CLANG_WARN_EMPTY_BODY = YES;
				CLANG_WARN_ENUM_CONVERSION = YES;
				CLANG_WARN_INFINITE_RECURSION = YES;
				CLANG_WARN_INT_CONVERSION = YES;
				CLANG_WARN_NON_LITERAL_NULL_CONVERSION = YES;
				CLANG_WARN_OBJC_IMPLICIT_RETAIN_SELF = YES;
				CLANG_WARN_OBJC_LITERAL_CONVERSION = YES;
				CLANG_WARN_OBJC_ROOT_CLASS = YES_ERROR;
				CLANG_WARN_QUOTED_INCLUDE_IN_FRAMEWORK_HEADER = YES;
				CLANG_WARN_RANGE_LOOP_ANALYSIS = YES;
				CLANG_WARN_STRICT_PROTOTYPES = YES;
				CLANG_WARN_SUSPICIOUS_MOVE = YES;
				CLANG_WARN_UNGUARDED_AVAILABILITY = YES_AGGRESSIVE;
				CLANG_WARN_UNREACHABLE_CODE = YES;
				CLANG_WARN__DUPLICATE_METHOD_MATCH = YES;
				COPY_PHASE_STRIP = NO;
				DEBUG_INFORMATION_FORMAT = dwarf;
				ENABLE_STRICT_OBJC_MSGSEND = YES;
				ENABLE_TESTABILITY = YES;
				ENABLE_USER_SCRIPT_SANDBOXING = YES;
				GCC_C_LANGUAGE_STANDARD = gnu17;
				GCC_DYNAMIC_NO_PIC = NO;
				GCC_NO_COMMON_BLOCKS = YES;
				GCC_OPTIMIZATION_LEVEL = 0;
				GCC_PREPROCESSOR_DEFINITIONS = (
					"DEBUG=1",
					"$(inherited)",
				);
				GCC_WARN_64_TO_32_BIT_CONVERSION = YES;
				GCC_WARN_ABOUT_RETURN_TYPE = YES_ERROR;
				GCC_WARN_UNDECLARED_SELECTOR = YES;
				GCC_WARN_UNINITIALIZED_AUTOS = YES_AGGRESSIVE;
				GCC_WARN_UNUSED_FUNCTION = YES;
				GCC_WARN_UNUSED_VARIABLE = YES;
				IPHONEOS_DEPLOYMENT_TARGET = 17.0;
				LOCALIZATION_PREFERS_STRING_CATALOGS = YES;
				MTL_ENABLE_DEBUG_INFO = INCLUDE_SOURCE;
				MTL_FAST_MATH = YES;
				ONLY_ACTIVE_ARCH = YES;
				SDKROOT = iphoneos;
				SWIFT_ACTIVE_COMPILATION_CONDITIONS = "DEBUG $(inherited)";
				SWIFT_OPTIMIZATION_LEVEL = "-Onone";
			};
			name = Debug;
		};
		11B9A3382AE83B7500C6CAB5 /* Release */ = {
			isa = XCBuildConfiguration;
			buildSettings = {
				ALWAYS_SEARCH_USER_PATHS = NO;
				ASSETCATALOG_COMPILER_GENERATE_SWIFT_ASSET_SYMBOL_EXTENSIONS = YES;
				CLANG_ANALYZER_NONNULL = YES;
				CLANG_ANALYZER_NUMBER_OBJECT_CONVERSION = YES_AGGRESSIVE;
				CLANG_CXX_LANGUAGE_STANDARD = "gnu++20";
				CLANG_ENABLE_MODULES = YES;
				CLANG_ENABLE_OBJC_ARC = YES;
				CLANG_ENABLE_OBJC_WEAK = YES;
				CLANG_WARN_BLOCK_CAPTURE_AUTORELEASING = YES;
				CLANG_WARN_BOOL_CONVERSION = YES;
				CLANG_WARN_COMMA = YES;
				CLANG_WARN_CONSTANT_CONVERSION = YES;
				CLANG_WARN_DEPRECATED_OBJC_IMPLEMENTATIONS = YES;
				CLANG_WARN_DIRECT_OBJC_ISA_USAGE = YES_ERROR;
				CLANG_WARN_DOCUMENTATION_COMMENTS = YES;
				CLANG_WARN_EMPTY_BODY = YES;
				CLANG_WARN_ENUM_CONVERSION = YES;
				CLANG_WARN_INFINITE_RECURSION = YES;
				CLANG_WARN_INT_CONVERSION = YES;
				CLANG_WARN_NON_LITERAL_NULL_CONVERSION = YES;
				CLANG_WARN_OBJC_IMPLICIT_RETAIN_SELF = YES;
				CLANG_WARN_OBJC_LITERAL_CONVERSION = YES;
				CLANG_WARN_OBJC_ROOT_CLASS = YES_ERROR;
				CLANG_WARN_QUOTED_INCLUDE_IN_FRAMEWORK_HEADER = YES;
				CLANG_WARN_RANGE_LOOP_ANALYSIS = YES;
				CLANG_WARN_STRICT_PROTOTYPES = YES;
				CLANG_WARN_SUSPICIOUS_MOVE = YES;
				CLANG_WARN_UNGUARDED_AVAILABILITY = YES_AGGRESSIVE;
				CLANG_WARN_UNREACHABLE_CODE = YES;
				CLANG_WARN__DUPLICATE_METHOD_MATCH = YES;
				COPY_PHASE_STRIP = NO;
				DEBUG_INFORMATION_FORMAT = "dwarf-with-dsym";
				ENABLE_NS_ASSERTIONS = NO;
				ENABLE_STRICT_OBJC_MSGSEND = YES;
				ENABLE_USER_SCRIPT_SANDBOXING = YES;
				GCC_C_LANGUAGE_STANDARD = gnu17;
				GCC_NO_COMMON_BLOCKS = YES;
				GCC_WARN_64_TO_32_BIT_CONVERSION = YES;
				GCC_WARN_ABOUT_RETURN_TYPE = YES_ERROR;
				GCC_WARN_UNDECLARED_SELECTOR = YES;
				GCC_WARN_UNINITIALIZED_AUTOS = YES_AGGRESSIVE;
				GCC_WARN_UNUSED_FUNCTION = YES;
				GCC_WARN_UNUSED_VARIABLE = YES;
				IPHONEOS_DEPLOYMENT_TARGET = 17.0;
				LOCALIZATION_PREFERS_STRING_CATALOGS = YES;
				MTL_ENABLE_DEBUG_INFO = NO;
				MTL_FAST_MATH = YES;
				SDKROOT = iphoneos;
				SWIFT_COMPILATION_MODE = wholemodule;
				VALIDATE_PRODUCT = YES;
			};
			name = Release;
		};
		11B9A33A2AE83B7500C6CAB5 /* Debug */ = {
			isa = XCBuildConfiguration;
			buildSettings = {
				ASSETCATALOG_COMPILER_APPICON_NAME = AppIcon;
				ASSETCATALOG_COMPILER_GLOBAL_ACCENT_COLOR_NAME = AccentColor;
				CODE_SIGN_STYLE = Automatic;
				CURRENT_PROJECT_VERSION = 1;
				DEVELOPMENT_ASSET_PATHS = "\"CryptoVisualiser/Preview Content\"";
				DEVELOPMENT_TEAM = 98PF56WUUN;
				ENABLE_PREVIEWS = YES;
				GENERATE_INFOPLIST_FILE = YES;
				INFOPLIST_KEY_UIApplicationSceneManifest_Generation = YES;
				INFOPLIST_KEY_UIApplicationSupportsIndirectInputEvents = YES;
				INFOPLIST_KEY_UILaunchScreen_Generation = YES;
				INFOPLIST_KEY_UISupportedInterfaceOrientations = UIInterfaceOrientationPortrait;
				INFOPLIST_KEY_UISupportedInterfaceOrientations_iPad = "UIInterfaceOrientationPortrait UIInterfaceOrientationPortraitUpsideDown";
				LD_RUNPATH_SEARCH_PATHS = (
					"$(inherited)",
					"@executable_path/Frameworks",
				);
				MARKETING_VERSION = 1.0;
				PRODUCT_BUNDLE_IDENTIFIER = com.rajveersingh.CryptoVisualiser;
				PRODUCT_NAME = "$(TARGET_NAME)";
				SWIFT_EMIT_LOC_STRINGS = YES;
				SWIFT_VERSION = 5.0;
				TARGETED_DEVICE_FAMILY = "1,2";
			};
			name = Debug;
		};
		11B9A33B2AE83B7500C6CAB5 /* Release */ = {
			isa = XCBuildConfiguration;
			buildSettings = {
				ASSETCATALOG_COMPILER_APPICON_NAME = AppIcon;
				ASSETCATALOG_COMPILER_GLOBAL_ACCENT_COLOR_NAME = AccentColor;
				CODE_SIGN_STYLE = Automatic;
				CURRENT_PROJECT_VERSION = 1;
				DEVELOPMENT_ASSET_PATHS = "\"CryptoVisualiser/Preview Content\"";
				DEVELOPMENT_TEAM = 98PF56WUUN;
				ENABLE_PREVIEWS = YES;
				GENERATE_INFOPLIST_FILE = YES;
				INFOPLIST_KEY_UIApplicationSceneManifest_Generation = YES;
				INFOPLIST_KEY_UIApplicationSupportsIndirectInputEvents = YES;
				INFOPLIST_KEY_UILaunchScreen_Generation = YES;
				INFOPLIST_KEY_UISupportedInterfaceOrientations = UIInterfaceOrientationPortrait;
				INFOPLIST_KEY_UISupportedInterfaceOrientations_iPad = "UIInterfaceOrientationPortrait UIInterfaceOrientationPortraitUpsideDown";
				LD_RUNPATH_SEARCH_PATHS = (
					"$(inherited)",
					"@executable_path/Frameworks",
				);
				MARKETING_VERSION = 1.0;
				PRODUCT_BUNDLE_IDENTIFIER = com.rajveersingh.CryptoVisualiser;
				PRODUCT_NAME = "$(TARGET_NAME)";
				SWIFT_EMIT_LOC_STRINGS = YES;
				SWIFT_VERSION = 5.0;
				TARGETED_DEVICE_FAMILY = "1,2";
			};
			name = Release;
		};
/* End XCBuildConfiguration section */

/* Begin XCConfigurationList section */
		11B9A3262AE83B7400C6CAB5 /* Build configuration list for PBXProject "CryptoVisualiser" */ = {
			isa = XCConfigurationList;
			buildConfigurations = (
				11B9A3372AE83B7500C6CAB5 /* Debug */,
				11B9A3382AE83B7500C6CAB5 /* Release */,
			);
			defaultConfigurationIsVisible = 0;
			defaultConfigurationName = Release;
		};
		11B9A3392AE83B7500C6CAB5 /* Build configuration list for PBXNativeTarget "CryptoVisualiser" */ = {
			isa = XCConfigurationList;
			buildConfigurations = (
				11B9A33A2AE83B7500C6CAB5 /* Debug */,
				11B9A33B2AE83B7500C6CAB5 /* Release */,
			);
			defaultConfigurationIsVisible = 0;
			defaultConfigurationName = Release;
		};
/* End XCConfigurationList section */
	};
	rootObject = 11B9A3232AE83B7400C6CAB5 /* Project object */;
}
